
Microsoft Visual Studio Solution File, Format Version 12.00
# Visual Studio Version 17
VisualStudioVersion = 17.0.32014.148
MinimumVisualStudioVersion = 10.0.40219.1
Project("{FAE04EC0-301F-11D3-BF4B-00C04F79EFBC}") = "UploadExcel-Mamoun", "UploadExcel-Mamoun\UploadExcel-Mamoun.csproj", "{35B5839E-275B-465B-A362-BB7D2C36C8F8}"
EndProject
Global
	GlobalSection(SolutionConfigurationPlatforms) = preSolution
		Debug|Any CPU = Debug|Any CPU
		Release|Any CPU = Release|Any CPU
	EndGlobalSection
	GlobalSection(ProjectConfigurationPlatforms) = postSolution
		{35B5839E-275B-465B-A362-BB7D2C36C8F8}.Debug|Any CPU.ActiveCfg = Debug|Any CPU
		{35B5839E-275B-465B-A362-BB7D2C36C8F8}.Debug|Any CPU.Build.0 = Debug|Any CPU
		{35B5839E-275B-465B-A362-BB7D2C36C8F8}.Release|Any CPU.ActiveCfg = Release|Any CPU
		{35B5839E-275B-465B-A362-BB7D2C36C8F8}.Release|Any CPU.Build.0 = Release|Any CPU
	EndGlobalSection
	GlobalSection(SolutionProperties) = preSolution
		HideSolutionNode = FALSE
	EndGlobalSection
	GlobalSection(ExtensibilityGlobals) = postSolution
		SolutionGuid = {90C2C033-1279-4856-AA10-E8A20AEA18B8}
	EndGlobalSection
EndGlobal
